{
  "object": {
    "pins": [
      {
        "package": "JOSESwift",
        "repositoryURL": "https://github.com/lukereichold/JOSESwift.git",
        "state": {
          "branch": null,
          "revision": "864d6a014a4aa343dd47f3804f12b8a42a7b21eb",
          "version": "2.2.4"
        }
      },
      {
        "package": "PromiseKit",
        "repositoryURL": "https://github.com/mxcl/PromiseKit.git",
        "state": {
          "branch": null,
          "revision": "7b07b214dacecb22ca4b680531c7e981d52483f9",
          "version": "6.16.3"
        }
      }
    ]
  },
  "version": 1
}
